// !$*UTF8*$!
{
	archiveVersion = 1;
	classes = {
	};
	objectVersion = 56;
	objects = {

/* Begin PBXBuildFile section */
		533654A029D18B500053E74A /* AppDelegate.swift in Sources */ = {isa = PBXBuildFile; fileRef = 5336549F29D18B500053E74A /* AppDelegate.swift */; };
		533654A229D18B500053E74A /* SceneDelegate.swift in Sources */ = {isa = PBXBuildFile; fileRef = 533654A129D18B500053E74A /* SceneDelegate.swift */; };
		533654A729D18B500053E74A /* Main.storyboard in Resources */ = {isa = PBXBuildFile; fileRef = 533654A529D18B500053E74A /* Main.storyboard */; };
		533654A929D18B520053E74A /* Assets.xcassets in Resources */ = {isa = PBXBuildFile; fileRef = 533654A829D18B520053E74A /* Assets.xcassets */; };
		533654AC29D18B520053E74A /* LaunchScreen.storyboard in Resources */ = {isa = PBXBuildFile; fileRef = 533654AA29D18B520053E74A /* LaunchScreen.storyboard */; };
		533654B729D18B520053E74A /* FlagQuizTests.swift in Sources */ = {isa = PBXBuildFile; fileRef = 533654B629D18B520053E74A /* FlagQuizTests.swift */; };
		533654C129D18B520053E74A /* FlagQuizUITests.swift in Sources */ = {isa = PBXBuildFile; fileRef = 533654C029D18B520053E74A /* FlagQuizUITests.swift */; };
		533654C329D18B520053E74A /* FlagQuizUITestsLaunchTests.swift in Sources */ = {isa = PBXBuildFile; fileRef = 533654C229D18B520053E74A /* FlagQuizUITestsLaunchTests.swift */; };
		533654D029D18B900053E74A /* Flag.swift in Sources */ = {isa = PBXBuildFile; fileRef = 533654CF29D18B900053E74A /* Flag.swift */; };
		533654D229D1CB2D0053E74A /* GameViewController.swift in Sources */ = {isa = PBXBuildFile; fileRef = 533654D129D1CB2D0053E74A /* GameViewController.swift */; };
		533654D429D1CD330053E74A /* HomeViewController.swift in Sources */ = {isa = PBXBuildFile; fileRef = 533654D329D1CD330053E74A /* HomeViewController.swift */; };
		533654D829D28F7D0053E74A /* EndViewController.swift in Sources */ = {isa = PBXBuildFile; fileRef = 533654D729D28F7D0053E74A /* EndViewController.swift */; };
/* End PBXBuildFile section */

/* Begin PBXContainerItemProxy section */
		533654B329D18B520053E74A /* PBXContainerItemProxy */ = {
			isa = PBXContainerItemProxy;
			containerPortal = 5336549429D18B500053E74A /* Project object */;
			proxyType = 1;
			remoteGlobalIDString = 5336549B29D18B500053E74A;
			remoteInfo = FlagQuiz;
		};
		533654BD29D18B520053E74A /* PBXContainerItemProxy */ = {
			isa = PBXContainerItemProxy;
			containerPortal = 5336549429D18B500053E74A /* Project object */;
			proxyType = 1;
			remoteGlobalIDString = 5336549B29D18B500053E74A;
			remoteInfo = FlagQuiz;
		};
/* End PBXContainerItemProxy section */

/* Begin PBXFileReference section */
		5336549C29D18B500053E74A /* FlagQuiz.app */ = {isa = PBXFileReference; explicitFileType = wrapper.application; includeInIndex = 0; path = FlagQuiz.app; sourceTree = BUILT_PRODUCTS_DIR; };
		5336549F29D18B500053E74A /* AppDelegate.swift */ = {isa = PBXFileReference; lastKnownFileType = sourcecode.swift; path = AppDelegate.swift; sourceTree = "<group>"; };
		533654A129D18B500053E74A /* SceneDelegate.swift */ = {isa = PBXFileReference; lastKnownFileType = sourcecode.swift; path = SceneDelegate.swift; sourceTree = "<group>"; };
		533654A629D18B500053E74A /* Base */ = {isa = PBXFileReference; lastKnownFileType = file.storyboard; name = Base; path = Base.lproj/Main.storyboard; sourceTree = "<group>"; };
		533654A829D18B520053E74A /* Assets.xcassets */ = {isa = PBXFileReference; lastKnownFileType = folder.assetcatalog; path = Assets.xcassets; sourceTree = "<group>"; };
		533654AB29D18B520053E74A /* Base */ = {isa = PBXFileReference; lastKnownFileType = file.storyboard; name = Base; path = Base.lproj/LaunchScreen.storyboard; sourceTree = "<group>"; };
		533654AD29D18B520053E74A /* Info.plist */ = {isa = PBXFileReference; lastKnownFileType = text.plist.xml; path = Info.plist; sourceTree = "<group>"; };
		533654B229D18B520053E74A /* FlagQuizTests.xctest */ = {isa = PBXFileReference; explicitFileType = wrapper.cfbundle; includeInIndex = 0; path = FlagQuizTests.xctest; sourceTree = BUILT_PRODUCTS_DIR; };
		533654B629D18B520053E74A /* FlagQuizTests.swift */ = {isa = PBXFileReference; lastKnownFileType = sourcecode.swift; path = FlagQuizTests.swift; sourceTree = "<group>"; };
		533654BC29D18B520053E74A /* FlagQuizUITests.xctest */ = {isa = PBXFileReference; explicitFileType = wrapper.cfbundle; includeInIndex = 0; path = FlagQuizUITests.xctest; sourceTree = BUILT_PRODUCTS_DIR; };
		533654C029D18B520053E74A /* FlagQuizUITests.swift */ = {isa = PBXFileReference; lastKnownFileType = sourcecode.swift; path = FlagQuizUITests.swift; sourceTree = "<group>"; };
		533654C229D18B520053E74A /* FlagQuizUITestsLaunchTests.swift */ = {isa = PBXFileReference; lastKnownFileType = sourcecode.swift; path = FlagQuizUITestsLaunchTests.swift; sourceTree = "<group>"; };
		533654CF29D18B900053E74A /* Flag.swift */ = {isa = PBXFileReference; lastKnownFileType = sourcecode.swift; path = Flag.swift; sourceTree = "<group>"; };
		533654D129D1CB2D0053E74A /* GameViewController.swift */ = {isa = PBXFileReference; lastKnownFileType = sourcecode.swift; path = GameViewController.swift; sourceTree = "<group>"; };
		533654D329D1CD330053E74A /* HomeViewController.swift */ = {isa = PBXFileReference; lastKnownFileType = sourcecode.swift; path = HomeViewController.swift; sourceTree = "<group>"; };
		533654D729D28F7D0053E74A /* EndViewController.swift */ = {isa = PBXFileReference; lastKnownFileType = sourcecode.swift; path = EndViewController.swift; sourceTree = "<group>"; };
/* End PBXFileReference section */

/* Begin PBXFrameworksBuildPhase section */
		5336549929D18B500053E74A /* Frameworks */ = {
			isa = PBXFrameworksBuildPhase;
			buildActionMask = 2147483647;
			files = (
			);
			runOnlyForDeploymentPostprocessing = 0;
		};
		533654AF29D18B520053E74A /* Frameworks */ = {
			isa = PBXFrameworksBuildPhase;
			buildActionMask = 2147483647;
			files = (
			);
			runOnlyForDeploymentPostprocessing = 0;
		};
		533654B929D18B520053E74A /* Frameworks */ = {
			isa = PBXFrameworksBuildPhase;
			buildActionMask = 2147483647;
			files = (
			);
			runOnlyForDeploymentPostprocessing = 0;
		};
/* End PBXFrameworksBuildPhase section */

/* Begin PBXGroup section */
		5336549329D18B500053E74A = {
			isa = PBXGroup;
			children = (
				5336549E29D18B500053E74A /* FlagQuiz */,
				533654B529D18B520053E74A /* FlagQuizTests */,
				533654BF29D18B520053E74A /* FlagQuizUITests */,
				5336549D29D18B500053E74A /* Products */,
			);
			sourceTree = "<group>";
		};
		5336549D29D18B500053E74A /* Products */ = {
			isa = PBXGroup;
			children = (
				5336549C29D18B500053E74A /* FlagQuiz.app */,
				533654B229D18B520053E74A /* FlagQuizTests.xctest */,
				533654BC29D18B520053E74A /* FlagQuizUITests.xctest */,
			);
			name = Products;
			sourceTree = "<group>";
		};
		5336549E29D18B500053E74A /* FlagQuiz */ = {
			isa = PBXGroup;
			children = (
				5336549F29D18B500053E74A /* AppDelegate.swift */,
				533654A129D18B500053E74A /* SceneDelegate.swift */,
				533654D529D1CD380053E74A /* Model */,
				533654D629D1CD440053E74A /* ViewController */,
				533654A529D18B500053E74A /* Main.storyboard */,
				533654A829D18B520053E74A /* Assets.xcassets */,
				533654AA29D18B520053E74A /* LaunchScreen.storyboard */,
				533654AD29D18B520053E74A /* Info.plist */,
			);
			path = FlagQuiz;
			sourceTree = "<group>";
		};
		533654B529D18B520053E74A /* FlagQuizTests */ = {
			isa = PBXGroup;
			children = (
				533654B629D18B520053E74A /* FlagQuizTests.swift */,
			);
			path = FlagQuizTests;
			sourceTree = "<group>";
		};
		533654BF29D18B520053E74A /* FlagQuizUITests */ = {
			isa = PBXGroup;
			children = (
				533654C029D18B520053E74A /* FlagQuizUITests.swift */,
				533654C229D18B520053E74A /* FlagQuizUITestsLaunchTests.swift */,
			);
			path = FlagQuizUITests;
			sourceTree = "<group>";
		};
		533654D529D1CD380053E74A /* Model */ = {
			isa = PBXGroup;
			children = (
				533654CF29D18B900053E74A /* Flag.swift */,
			);
			path = Model;
			sourceTree = "<group>";
		};
		533654D629D1CD440053E74A /* ViewController */ = {
			isa = PBXGroup;
			children = (
				533654D329D1CD330053E74A /* HomeViewController.swift */,
				533654D129D1CB2D0053E74A /* GameViewController.swift */,
				533654D729D28F7D0053E74A /* EndViewController.swift */,
			);
			path = ViewController;
			sourceTree = "<group>";
		};
/* End PBXGroup section */

/* Begin PBXNativeTarget section */
		5336549B29D18B500053E74A /* FlagQuiz */ = {
			isa = PBXNativeTarget;
			buildConfigurationList = 533654C629D18B520053E74A /* Build configuration list for PBXNativeTarget "FlagQuiz" */;
			buildPhases = (
				5336549829D18B500053E74A /* Sources */,
				5336549929D18B500053E74A /* Frameworks */,
				5336549A29D18B500053E74A /* Resources */,
			);
			buildRules = (
			);
			dependencies = (
			);
			name = FlagQuiz;
			productName = FlagQuiz;
			productReference = 5336549C29D18B500053E74A /* FlagQuiz.app */;
			productType = "com.apple.product-type.application";
		};
		533654B129D18B520053E74A /* FlagQuizTests */ = {
			isa = PBXNativeTarget;
			buildConfigurationList = 533654C929D18B520053E74A /* Build configuration list for PBXNativeTarget "FlagQuizTests" */;
			buildPhases = (
				533654AE29D18B520053E74A /* Sources */,
				533654AF29D18B520053E74A /* Frameworks */,
				533654B029D18B520053E74A /* Resources */,
			);
			buildRules = (
			);
			dependencies = (
				533654B429D18B520053E74A /* PBXTargetDependency */,
			);
			name = FlagQuizTests;
			productName = FlagQuizTests;
			productReference = 533654B229D18B520053E74A /* FlagQuizTests.xctest */;
			productType = "com.apple.product-type.bundle.unit-test";
		};
		533654BB29D18B520053E74A /* FlagQuizUITests */ = {
			isa = PBXNativeTarget;
			buildConfigurationList = 533654CC29D18B520053E74A /* Build configuration list for PBXNativeTarget "FlagQuizUITests" */;
			buildPhases = (
				533654B829D18B520053E74A /* Sources */,
				533654B929D18B520053E74A /* Frameworks */,
				533654BA29D18B520053E74A /* Resources */,
			);
			buildRules = (
			);
			dependencies = (
				533654BE29D18B520053E74A /* PBXTargetDependency */,
			);
			name = FlagQuizUITests;
			productName = FlagQuizUITests;
			productReference = 533654BC29D18B520053E74A /* FlagQuizUITests.xctest */;
			productType = "com.apple.product-type.bundle.ui-testing";
		};
/* End PBXNativeTarget section */

/* Begin PBXProject section */
		5336549429D18B500053E74A /* Project object */ = {
			isa = PBXProject;
			attributes = {
				BuildIndependentTargetsInParallel = 1;
				LastSwiftUpdateCheck = 1430;
				LastUpgradeCheck = 1430;
				TargetAttributes = {
					5336549B29D18B500053E74A = {
						CreatedOnToolsVersion = 14.3;
					};
					533654B129D18B520053E74A = {
						CreatedOnToolsVersion = 14.3;
						TestTargetID = 5336549B29D18B500053E74A;
					};
					533654BB29D18B520053E74A = {
						CreatedOnToolsVersion = 14.3;
						TestTargetID = 5336549B29D18B500053E74A;
					};
				};
			};
			buildConfigurationList = 5336549729D18B500053E74A /* Build configuration list for PBXProject "FlagQuiz" */;
			compatibilityVersion = "Xcode 14.0";
			developmentRegion = en;
			hasScannedForEncodings = 0;
			knownRegions = (
				en,
				Base,
			);
			mainGroup = 5336549329D18B500053E74A;
			productRefGroup = 5336549D29D18B500053E74A /* Products */;
			projectDirPath = "";
			projectRoot = "";
			targets = (
				5336549B29D18B500053E74A /* FlagQuiz */,
				533654B129D18B520053E74A /* FlagQuizTests */,
				533654BB29D18B520053E74A /* FlagQuizUITests */,
			);
		};
/* End PBXProject section */

/* Begin PBXResourcesBuildPhase section */
		5336549A29D18B500053E74A /* Resources */ = {
			isa = PBXResourcesBuildPhase;
			buildActionMask = 2147483647;
			files = (
				533654AC29D18B520053E74A /* LaunchScreen.storyboard in Resources */,
				533654A929D18B520053E74A /* Assets.xcassets in Resources */,
				533654A729D18B500053E74A /* Main.storyboard in Resources */,
			);
			runOnlyForDeploymentPostprocessing = 0;
		};
		533654B029D18B520053E74A /* Resources */ = {
			isa = PBXResourcesBuildPhase;
			buildActionMask = 2147483647;
			files = (
			);
			runOnlyForDeploymentPostprocessing = 0;
		};
		533654BA29D18B520053E74A /* Resources */ = {
			isa = PBXResourcesBuildPhase;
			buildActionMask = 2147483647;
			files = (
			);
			runOnlyForDeploymentPostprocessing = 0;
		};
/* End PBXResourcesBuildPhase section */

/* Begin PBXSourcesBuildPhase section */
		5336549829D18B500053E74A /* Sources */ = {
			isa = PBXSourcesBuildPhase;
			buildActionMask = 2147483647;
			files = (
				533654D829D28F7D0053E74A /* EndViewController.swift in Sources */,
				533654D429D1CD330053E74A /* HomeViewController.swift in Sources */,
				533654D229D1CB2D0053E74A /* GameViewController.swift in Sources */,
				533654A029D18B500053E74A /* AppDelegate.swift in Sources */,
				533654D029D18B900053E74A /* Flag.swift in Sources */,
				533654A229D18B500053E74A /* SceneDelegate.swift in Sources */,
			);
			runOnlyForDeploymentPostprocessing = 0;
		};
		533654AE29D18B520053E74A /* Sources */ = {
			isa = PBXSourcesBuildPhase;
			buildActionMask = 2147483647;
			files = (
				533654B729D18B520053E74A /* FlagQuizTests.swift in Sources */,
			);
			runOnlyForDeploymentPostprocessing = 0;
		};
		533654B829D18B520053E74A /* Sources */ = {
			isa = PBXSourcesBuildPhase;
			buildActionMask = 2147483647;
			files = (
				533654C329D18B520053E74A /* FlagQuizUITestsLaunchTests.swift in Sources */,
				533654C129D18B520053E74A /* FlagQuizUITests.swift in Sources */,
			);
			runOnlyForDeploymentPostprocessing = 0;
		};
/* End PBXSourcesBuildPhase section */

/* Begin PBXTargetDependency section */
		533654B429D18B520053E74A /* PBXTargetDependency */ = {
			isa = PBXTargetDependency;
			target = 5336549B29D18B500053E74A /* FlagQuiz */;
			targetProxy = 533654B329D18B520053E74A /* PBXContainerItemProxy */;
		};
		533654BE29D18B520053E74A /* PBXTargetDependency */ = {
			isa = PBXTargetDependency;
			target = 5336549B29D18B500053E74A /* FlagQuiz */;
			targetProxy = 533654BD29D18B520053E74A /* PBXContainerItemProxy */;
		};
/* End PBXTargetDependency section */

/* Begin PBXVariantGroup section */
		533654A529D18B500053E74A /* Main.storyboard */ = {
			isa = PBXVariantGroup;
			children = (
				533654A629D18B500053E74A /* Base */,
			);
			name = Main.storyboard;
			sourceTree = "<group>";
		};
		533654AA29D18B520053E74A /* LaunchScreen.storyboard */ = {
			isa = PBXVariantGroup;
			children = (
				533654AB29D18B520053E74A /* Base */,
			);
			name = LaunchScreen.storyboard;
			sourceTree = "<group>";
		};
/* End PBXVariantGroup section */

/* Begin XCBuildConfiguration section */
		533654C429D18B520053E74A /* Debug */ = {
			isa = XCBuildConfiguration;
			buildSettings = {
				ALWAYS_SEARCH_USER_PATHS = NO;
				CLANG_ANALYZER_NONNULL = YES;
				CLANG_ANALYZER_NUMBER_OBJECT_CONVERSION = YES_AGGRESSIVE;
				CLANG_CXX_LANGUAGE_STANDARD = "gnu++20";
				CLANG_ENABLE_MODULES = YES;
				CLANG_ENABLE_OBJC_ARC = YES;
				CLANG_ENABLE_OBJC_WEAK = YES;
				CLANG_WARN_BLOCK_CAPTURE_AUTORELEASING = YES;
				CLANG_WARN_BOOL_CONVERSION = YES;
				CLANG_WARN_COMMA = YES;
				CLANG_WARN_CONSTANT_CONVERSION = YES;
				CLANG_WARN_DEPRECATED_OBJC_IMPLEMENTATIONS = YES;
				CLANG_WARN_DIRECT_OBJC_ISA_USAGE = YES_ERROR;
				CLANG_WARN_DOCUMENTATION_COMMENTS = YES;
				CLANG_WARN_EMPTY_BODY = YES;
				CLANG_WARN_ENUM_CONVERSION = YES;
				CLANG_WARN_INFINITE_RECURSION = YES;
				CLANG_WARN_INT_CONVERSION = YES;
				CLANG_WARN_NON_LITERAL_NULL_CONVERSION = YES;
				CLANG_WARN_OBJC_IMPLICIT_RETAIN_SELF = YES;
				CLANG_WARN_OBJC_LITERAL_CONVERSION = YES;
				CLANG_WARN_OBJC_ROOT_CLASS = YES_ERROR;
				CLANG_WARN_QUOTED_INCLUDE_IN_FRAMEWORK_HEADER = YES;
				CLANG_WARN_RANGE_LOOP_ANALYSIS = YES;
				CLANG_WARN_STRICT_PROTOTYPES = YES;
				CLANG_WARN_SUSPICIOUS_MOVE = YES;
				CLANG_WARN_UNGUARDED_AVAILABILITY = YES_AGGRESSIVE;
				CLANG_WARN_UNREACHABLE_CODE = YES;
				CLANG_WARN__DUPLICATE_METHOD_MATCH = YES;
				COPY_PHASE_STRIP = NO;
				DEBUG_INFORMATION_FORMAT = dwarf;
				ENABLE_STRICT_OBJC_MSGSEND = YES;
				ENABLE_TESTABILITY = YES;
				GCC_C_LANGUAGE_STANDARD = gnu11;
				GCC_DYNAMIC_NO_PIC = NO;
				GCC_NO_COMMON_BLOCKS = YES;
				GCC_OPTIMIZATION_LEVEL = 0;
				GCC_PREPROCESSOR_DEFINITIONS = (
					"DEBUG=1",
					"$(inherited)",
				);
				GCC_WARN_64_TO_32_BIT_CONVERSION = YES;
				GCC_WARN_ABOUT_RETURN_TYPE = YES_ERROR;
				GCC_WARN_UNDECLARED_SELECTOR = YES;
				GCC_WARN_UNINITIALIZED_AUTOS = YES_AGGRESSIVE;
				GCC_WARN_UNUSED_FUNCTION = YES;
				GCC_WARN_UNUSED_VARIABLE = YES;
				IPHONEOS_DEPLOYMENT_TARGET = 16.4;
				MTL_ENABLE_DEBUG_INFO = INCLUDE_SOURCE;
				MTL_FAST_MATH = YES;
				ONLY_ACTIVE_ARCH = YES;
				SDKROOT = iphoneos;
				SWIFT_ACTIVE_COMPILATION_CONDITIONS = DEBUG;
				SWIFT_OPTIMIZATION_LEVEL = "-Onone";
			};
			name = Debug;
		};
		533654C529D18B520053E74A /* Release */ = {
			isa = XCBuildConfiguration;
			buildSettings = {
				ALWAYS_SEARCH_USER_PATHS = NO;
				CLANG_ANALYZER_NONNULL = YES;
				CLANG_ANALYZER_NUMBER_OBJECT_CONVERSION = YES_AGGRESSIVE;
				CLANG_CXX_LANGUAGE_STANDARD = "gnu++20";
				CLANG_ENABLE_MODULES = YES;
				CLANG_ENABLE_OBJC_ARC = YES;
				CLANG_ENABLE_OBJC_WEAK = YES;
				CLANG_WARN_BLOCK_CAPTURE_AUTORELEASING = YES;
				CLANG_WARN_BOOL_CONVERSION = YES;
				CLANG_WARN_COMMA = YES;
				CLANG_WARN_CONSTANT_CONVERSION = YES;
				CLANG_WARN_DEPRECATED_OBJC_IMPLEMENTATIONS = YES;
				CLANG_WARN_DIRECT_OBJC_ISA_USAGE = YES_ERROR;
				CLANG_WARN_DOCUMENTATION_COMMENTS = YES;
				CLANG_WARN_EMPTY_BODY = YES;
				CLANG_WARN_ENUM_CONVERSION = YES;
				CLANG_WARN_INFINITE_RECURSION = YES;
				CLANG_WARN_INT_CONVERSION = YES;
				CLANG_WARN_NON_LITERAL_NULL_CONVERSION = YES;
				CLANG_WARN_OBJC_IMPLICIT_RETAIN_SELF = YES;
				CLANG_WARN_OBJC_LITERAL_CONVERSION = YES;
				CLANG_WARN_OBJC_ROOT_CLASS = YES_ERROR;
				CLANG_WARN_QUOTED_INCLUDE_IN_FRAMEWORK_HEADER = YES;
				CLANG_WARN_RANGE_LOOP_ANALYSIS = YES;
				CLANG_WARN_STRICT_PROTOTYPES = YES;
				CLANG_WARN_SUSPICIOUS_MOVE = YES;
				CLANG_WARN_UNGUARDED_AVAILABILITY = YES_AGGRESSIVE;
				CLANG_WARN_UNREACHABLE_CODE = YES;
				CLANG_WARN__DUPLICATE_METHOD_MATCH = YES;
				COPY_PHASE_STRIP = NO;
				DEBUG_INFORMATION_FORMAT = "dwarf-with-dsym";
				ENABLE_NS_ASSERTIONS = NO;
				ENABLE_STRICT_OBJC_MSGSEND = YES;
				GCC_C_LANGUAGE_STANDARD = gnu11;
				GCC_NO_COMMON_BLOCKS = YES;
				GCC_WARN_64_TO_32_BIT_CONVERSION = YES;
				GCC_WARN_ABOUT_RETURN_TYPE = YES_ERROR;
				GCC_WARN_UNDECLARED_SELECTOR = YES;
				GCC_WARN_UNINITIALIZED_AUTOS = YES_AGGRESSIVE;
				GCC_WARN_UNUSED_FUNCTION = YES;
				GCC_WARN_UNUSED_VARIABLE = YES;
				IPHONEOS_DEPLOYMENT_TARGET = 16.4;
				MTL_ENABLE_DEBUG_INFO = NO;
				MTL_FAST_MATH = YES;
				SDKROOT = iphoneos;
				SWIFT_COMPILATION_MODE = wholemodule;
				SWIFT_OPTIMIZATION_LEVEL = "-O";
				VALIDATE_PRODUCT = YES;
			};
			name = Release;
		};
		533654C729D18B520053E74A /* Debug */ = {
			isa = XCBuildConfiguration;
			buildSettings = {
				ASSETCATALOG_COMPILER_APPICON_NAME = AppIcon;
				ASSETCATALOG_COMPILER_GLOBAL_ACCENT_COLOR_NAME = AccentColor;
				CODE_SIGN_STYLE = Automatic;
				CURRENT_PROJECT_VERSION = 1;
				DEVELOPMENT_TEAM = 7WULLR98GP;
				GENERATE_INFOPLIST_FILE = YES;
				INFOPLIST_FILE = FlagQuiz/Info.plist;
				INFOPLIST_KEY_UIApplicationSupportsIndirectInputEvents = YES;
				INFOPLIST_KEY_UILaunchStoryboardName = LaunchScreen;
				INFOPLIST_KEY_UIMainStoryboardFile = Main;
				INFOPLIST_KEY_UISupportedInterfaceOrientations_iPad = "UIInterfaceOrientationPortrait UIInterfaceOrientationPortraitUpsideDown UIInterfaceOrientationLandscapeLeft UIInterfaceOrientationLandscapeRight";
				INFOPLIST_KEY_UISupportedInterfaceOrientations_iPhone = "UIInterfaceOrientationPortrait UIInterfaceOrientationLandscapeLeft UIInterfaceOrientationLandscapeRight";
				IPHONEOS_DEPLOYMENT_TARGET = 14.4;
				LD_RUNPATH_SEARCH_PATHS = (
					"$(inherited)",
					"@executable_path/Frameworks",
				);
				MARKETING_VERSION = 1.0;
				PRODUCT_BUNDLE_IDENTIFIER = rafael.FlagQuiz;
				PRODUCT_NAME = "$(TARGET_NAME)";
				SWIFT_EMIT_LOC_STRINGS = YES;
				SWIFT_VERSION = 5.0;
				TARGETED_DEVICE_FAMILY = "1,2";
			};
			name = Debug;
		};
		533654C829D18B520053E74A /* Release */ = {
			isa = XCBuildConfiguration;
			buildSettings = {
				ASSETCATALOG_COMPILER_APPICON_NAME = AppIcon;
				ASSETCATALOG_COMPILER_GLOBAL_ACCENT_COLOR_NAME = AccentColor;
				CODE_SIGN_STYLE = Automatic;
				CURRENT_PROJECT_VERSION = 1;
				DEVELOPMENT_TEAM = 7WULLR98GP;
				GENERATE_INFOPLIST_FILE = YES;
				INFOPLIST_FILE = FlagQuiz/Info.plist;
				INFOPLIST_KEY_UIApplicationSupportsIndirectInputEvents = YES;
				INFOPLIST_KEY_UILaunchStoryboardName = LaunchScreen;
				INFOPLIST_KEY_UIMainStoryboardFile = Main;
				INFOPLIST_KEY_UISupportedInterfaceOrientations_iPad = "UIInterfaceOrientationPortrait UIInterfaceOrientationPortraitUpsideDown UIInterfaceOrientationLandscapeLeft UIInterfaceOrientationLandscapeRight";
				INFOPLIST_KEY_UISupportedInterfaceOrientations_iPhone = "UIInterfaceOrientationPortrait UIInterfaceOrientationLandscapeLeft UIInterfaceOrientationLandscapeRight";
				IPHONEOS_DEPLOYMENT_TARGET = 14.4;
				LD_RUNPATH_SEARCH_PATHS = (
					"$(inherited)",
					"@executable_path/Frameworks",
				);
				MARKETING_VERSION = 1.0;
				PRODUCT_BUNDLE_IDENTIFIER = rafael.FlagQuiz;
				PRODUCT_NAME = "$(TARGET_NAME)";
				SWIFT_EMIT_LOC_STRINGS = YES;
				SWIFT_VERSION = 5.0;
				TARGETED_DEVICE_FAMILY = "1,2";
			};
			name = Release;
		};
		533654CA29D18B520053E74A /* Debug */ = {
			isa = XCBuildConfiguration;
			buildSettings = {
				ALWAYS_EMBED_SWIFT_STANDARD_LIBRARIES = YES;
				BUNDLE_LOADER = "$(TEST_HOST)";
				CODE_SIGN_STYLE = Automatic;
				CURRENT_PROJECT_VERSION = 1;
				DEVELOPMENT_TEAM = 7WULLR98GP;
				GENERATE_INFOPLIST_FILE = YES;
				IPHONEOS_DEPLOYMENT_TARGET = 16.4;
				MARKETING_VERSION = 1.0;
				PRODUCT_BUNDLE_IDENTIFIER = rafael.FlagQuizTests;
				PRODUCT_NAME = "$(TARGET_NAME)";
				SWIFT_EMIT_LOC_STRINGS = NO;
				SWIFT_VERSION = 5.0;
				TARGETED_DEVICE_FAMILY = "1,2";
				TEST_HOST = "$(BUILT_PRODUCTS_DIR)/FlagQuiz.app/$(BUNDLE_EXECUTABLE_FOLDER_PATH)/FlagQuiz";
			};
			name = Debug;
		};
		533654CB29D18B520053E74A /* Release */ = {
			isa = XCBuildConfiguration;
			buildSettings = {
				ALWAYS_EMBED_SWIFT_STANDARD_LIBRARIES = YES;
				BUNDLE_LOADER = "$(TEST_HOST)";
				CODE_SIGN_STYLE = Automatic;
				CURRENT_PROJECT_VERSION = 1;
				DEVELOPMENT_TEAM = 7WULLR98GP;
				GENERATE_INFOPLIST_FILE = YES;
				IPHONEOS_DEPLOYMENT_TARGET = 16.4;
				MARKETING_VERSION = 1.0;
				PRODUCT_BUNDLE_IDENTIFIER = rafael.FlagQuizTests;
				PRODUCT_NAME = "$(TARGET_NAME)";
				SWIFT_EMIT_LOC_STRINGS = NO;
				SWIFT_VERSION = 5.0;
				TARGETED_DEVICE_FAMILY = "1,2";
				TEST_HOST = "$(BUILT_PRODUCTS_DIR)/FlagQuiz.app/$(BUNDLE_EXECUTABLE_FOLDER_PATH)/FlagQuiz";
			};
			name = Release;
		};
		533654CD29D18B520053E74A /* Debug */ = {
			isa = XCBuildConfiguration;
			buildSettings = {
				ALWAYS_EMBED_SWIFT_STANDARD_LIBRARIES = YES;
				CODE_SIGN_STYLE = Automatic;
				CURRENT_PROJECT_VERSION = 1;
				DEVELOPMENT_TEAM = 7WULLR98GP;
				GENERATE_INFOPLIST_FILE = YES;
				MARKETING_VERSION = 1.0;
				PRODUCT_BUNDLE_IDENTIFIER = rafael.FlagQuizUITests;
				PRODUCT_NAME = "$(TARGET_NAME)";
				SWIFT_EMIT_LOC_STRINGS = NO;
				SWIFT_VERSION = 5.0;
				TARGETED_DEVICE_FAMILY = "1,2";
				TEST_TARGET_NAME = FlagQuiz;
			};
			name = Debug;
		};
		533654CE29D18B520053E74A /* Release */ = {
			isa = XCBuildConfiguration;
			buildSettings = {
				ALWAYS_EMBED_SWIFT_STANDARD_LIBRARIES = YES;
				CODE_SIGN_STYLE = Automatic;
				CURRENT_PROJECT_VERSION = 1;
				DEVELOPMENT_TEAM = 7WULLR98GP;
				GENERATE_INFOPLIST_FILE = YES;
				MARKETING_VERSION = 1.0;
				PRODUCT_BUNDLE_IDENTIFIER = rafael.FlagQuizUITests;
				PRODUCT_NAME = "$(TARGET_NAME)";
				SWIFT_EMIT_LOC_STRINGS = NO;
				SWIFT_VERSION = 5.0;
				TARGETED_DEVICE_FAMILY = "1,2";
				TEST_TARGET_NAME = FlagQuiz;
			};
			name = Release;
		};
/* End XCBuildConfiguration section */

/* Begin XCConfigurationList section */
		5336549729D18B500053E74A /* Build configuration list for PBXProject "FlagQuiz" */ = {
			isa = XCConfigurationList;
			buildConfigurations = (
				533654C429D18B520053E74A /* Debug */,
				533654C529D18B520053E74A /* Release */,
			);
			defaultConfigurationIsVisible = 0;
			defaultConfigurationName = Release;
		};
		533654C629D18B520053E74A /* Build configuration list for PBXNativeTarget "FlagQuiz" */ = {
			isa = XCConfigurationList;
			buildConfigurations = (
				533654C729D18B520053E74A /* Debug */,
				533654C829D18B520053E74A /* Release */,
			);
			defaultConfigurationIsVisible = 0;
			defaultConfigurationName = Release;
		};
		533654C929D18B520053E74A /* Build configuration list for PBXNativeTarget "FlagQuizTests" */ = {
			isa = XCConfigurationList;
			buildConfigurations = (
				533654CA29D18B520053E74A /* Debug */,
				533654CB29D18B520053E74A /* Release */,
			);
			defaultConfigurationIsVisible = 0;
			defaultConfigurationName = Release;
		};
		533654CC29D18B520053E74A /* Build configuration list for PBXNativeTarget "FlagQuizUITests" */ = {
			isa = XCConfigurationList;
			buildConfigurations = (
				533654CD29D18B520053E74A /* Debug */,
				533654CE29D18B520053E74A /* Release */,
			);
			defaultConfigurationIsVisible = 0;
			defaultConfigurationName = Release;
		};
/* End XCConfigurationList section */
	};
	rootObject = 5336549429D18B500053E74A /* Project object */;
}
